// !$*UTF8*$!
{
	archiveVersion = 1;
	classes = {
	};
	objectVersion = 55;
	objects = {

/* Begin PBXBuildFile section */
		9591DD8E2C88443A00D2DB56 /* FirebaseAnalytics in Frameworks */ = {isa = PBXBuildFile; productRef = 9591DD8D2C88443A00D2DB56 /* FirebaseAnalytics */; };
		9591DD902C88443A00D2DB56 /* FirebaseAnalyticsOnDeviceConversion in Frameworks */ = {isa = PBXBuildFile; productRef = 9591DD8F2C88443A00D2DB56 /* FirebaseAnalyticsOnDeviceConversion */; };
		9591DD922C88443A00D2DB56 /* FirebaseAnalyticsWithoutAdIdSupport in Frameworks */ = {isa = PBXBuildFile; productRef = 9591DD912C88443A00D2DB56 /* FirebaseAnalyticsWithoutAdIdSupport */; };
		9591DD942C88443A00D2DB56 /* FirebaseAppCheck in Frameworks */ = {isa = PBXBuildFile; productRef = 9591DD932C88443A00D2DB56 /* FirebaseAppCheck */; };
		9591DD962C88443A00D2DB56 /* FirebaseAppDistribution-Beta in Frameworks */ = {isa = PBXBuildFile; productRef = 9591DD952C88443A00D2DB56 /* FirebaseAppDistribution-Beta */; };
		9591DD982C88443A00D2DB56 /* FirebaseAuth in Frameworks */ = {isa = PBXBuildFile; productRef = 9591DD972C88443A00D2DB56 /* FirebaseAuth */; };
		9591DD9A2C88443A00D2DB56 /* FirebaseAuthCombine-Community in Frameworks */ = {isa = PBXBuildFile; productRef = 9591DD992C88443A00D2DB56 /* FirebaseAuthCombine-Community */; };
		9591DD9C2C88443A00D2DB56 /* FirebaseCrashlytics in Frameworks */ = {isa = PBXBuildFile; productRef = 9591DD9B2C88443A00D2DB56 /* FirebaseCrashlytics */; };
		9591DD9E2C88443A00D2DB56 /* FirebaseDatabase in Frameworks */ = {isa = PBXBuildFile; productRef = 9591DD9D2C88443A00D2DB56 /* FirebaseDatabase */; };
		9591DDA02C88443A00D2DB56 /* FirebaseDynamicLinks in Frameworks */ = {isa = PBXBuildFile; productRef = 9591DD9F2C88443A00D2DB56 /* FirebaseDynamicLinks */; };
		9591DDA22C88443A00D2DB56 /* FirebaseFirestore in Frameworks */ = {isa = PBXBuildFile; productRef = 9591DDA12C88443A00D2DB56 /* FirebaseFirestore */; };
		9591DDA42C88443A00D2DB56 /* FirebaseFirestoreCombine-Community in Frameworks */ = {isa = PBXBuildFile; productRef = 9591DDA32C88443A00D2DB56 /* FirebaseFirestoreCombine-Community */; };
		9591DDA62C88443A00D2DB56 /* FirebaseFunctions in Frameworks */ = {isa = PBXBuildFile; productRef = 9591DDA52C88443A00D2DB56 /* FirebaseFunctions */; };
		9591DDA82C88443A00D2DB56 /* FirebaseFunctionsCombine-Community in Frameworks */ = {isa = PBXBuildFile; productRef = 9591DDA72C88443A00D2DB56 /* FirebaseFunctionsCombine-Community */; };
		9591DDAA2C88443A00D2DB56 /* FirebaseInAppMessaging-Beta in Frameworks */ = {isa = PBXBuildFile; productRef = 9591DDA92C88443A00D2DB56 /* FirebaseInAppMessaging-Beta */; };
		9591DDAC2C88443A00D2DB56 /* FirebaseInstallations in Frameworks */ = {isa = PBXBuildFile; productRef = 9591DDAB2C88443A00D2DB56 /* FirebaseInstallations */; };
		9591DDAE2C88443A00D2DB56 /* FirebaseMLModelDownloader in Frameworks */ = {isa = PBXBuildFile; productRef = 9591DDAD2C88443A00D2DB56 /* FirebaseMLModelDownloader */; };
		9591DDB02C88443A00D2DB56 /* FirebaseMessaging in Frameworks */ = {isa = PBXBuildFile; productRef = 9591DDAF2C88443A00D2DB56 /* FirebaseMessaging */; };
		9591DDB22C88443A00D2DB56 /* FirebasePerformance in Frameworks */ = {isa = PBXBuildFile; productRef = 9591DDB12C88443A00D2DB56 /* FirebasePerformance */; };
		9591DDB42C88443A00D2DB56 /* FirebaseRemoteConfig in Frameworks */ = {isa = PBXBuildFile; productRef = 9591DDB32C88443A00D2DB56 /* FirebaseRemoteConfig */; };
		9591DDB62C88443A00D2DB56 /* FirebaseStorage in Frameworks */ = {isa = PBXBuildFile; productRef = 9591DDB52C88443A00D2DB56 /* FirebaseStorage */; };
		9591DDB82C88443A00D2DB56 /* FirebaseStorageCombine-Community in Frameworks */ = {isa = PBXBuildFile; productRef = 9591DDB72C88443A00D2DB56 /* FirebaseStorageCombine-Community */; };
		9591DDBA2C88443A00D2DB56 /* FirebaseVertexAI-Preview in Frameworks */ = {isa = PBXBuildFile; productRef = 9591DDB92C88443A00D2DB56 /* FirebaseVertexAI-Preview */; };
		9591DDBC2C8844EA00D2DB56 /* RemoteConfigHandle.swift in Sources */ = {isa = PBXBuildFile; fileRef = 9591DDBB2C8844EA00D2DB56 /* RemoteConfigHandle.swift */; };
		9591DDBE2C88450E00D2DB56 /* ACRemoteConfigModelProtocol.swift in Sources */ = {isa = PBXBuildFile; fileRef = 9591DDBD2C88450E00D2DB56 /* ACRemoteConfigModelProtocol.swift */; };
		9591DDC22C885E2600D2DB56 /* GoogleService-Info.plist in Resources */ = {isa = PBXBuildFile; fileRef = 9591DDC12C885E2600D2DB56 /* GoogleService-Info.plist */; };
		9591DDC92C88659700D2DB56 /* RemoteConfigModel.swift in Sources */ = {isa = PBXBuildFile; fileRef = 9591DDC82C88659700D2DB56 /* RemoteConfigModel.swift */; };
		E27EAC7E274EC2A800336E5C /* ACRemoteConfig in Frameworks */ = {isa = PBXBuildFile; productRef = E27EAC7D274EC2A800336E5C /* ACRemoteConfig */; };
		E2E5D3D9274EBC5700562431 /* AppDelegate.swift in Sources */ = {isa = PBXBuildFile; fileRef = E2E5D3D8274EBC5700562431 /* AppDelegate.swift */; };
		E2E5D3DB274EBC5700562431 /* SceneDelegate.swift in Sources */ = {isa = PBXBuildFile; fileRef = E2E5D3DA274EBC5700562431 /* SceneDelegate.swift */; };
		E2E5D3DD274EBC5700562431 /* MainViewController.swift in Sources */ = {isa = PBXBuildFile; fileRef = E2E5D3DC274EBC5700562431 /* MainViewController.swift */; };
		E2E5D3E2274EBC5900562431 /* Assets.xcassets in Resources */ = {isa = PBXBuildFile; fileRef = E2E5D3E1274EBC5900562431 /* Assets.xcassets */; };
		E2E5D3E5274EBC5900562431 /* LaunchScreen.storyboard in Resources */ = {isa = PBXBuildFile; fileRef = E2E5D3E3274EBC5900562431 /* LaunchScreen.storyboard */; };
/* End PBXBuildFile section */

/* Begin PBXFileReference section */
		9591DDBB2C8844EA00D2DB56 /* RemoteConfigHandle.swift */ = {isa = PBXFileReference; lastKnownFileType = sourcecode.swift; path = RemoteConfigHandle.swift; sourceTree = "<group>"; };
		9591DDBD2C88450E00D2DB56 /* ACRemoteConfigModelProtocol.swift */ = {isa = PBXFileReference; lastKnownFileType = sourcecode.swift; path = ACRemoteConfigModelProtocol.swift; sourceTree = "<group>"; };
		9591DDC12C885E2600D2DB56 /* GoogleService-Info.plist */ = {isa = PBXFileReference; fileEncoding = 4; lastKnownFileType = text.plist.xml; path = "GoogleService-Info.plist"; sourceTree = "<group>"; };
		9591DDC82C88659700D2DB56 /* RemoteConfigModel.swift */ = {isa = PBXFileReference; lastKnownFileType = sourcecode.swift; path = RemoteConfigModel.swift; sourceTree = "<group>"; };
		E27EAC7A274EBF7E00336E5C /* ACRemoteConfig */ = {isa = PBXFileReference; lastKnownFileType = folder; name = ACRemoteConfig; path = ..; sourceTree = "<group>"; };
		E27EAC80274EC7A500336E5C /* ru */ = {isa = PBXFileReference; lastKnownFileType = text.plist.strings; name = ru; path = ru.lproj/LaunchScreen.strings; sourceTree = "<group>"; };
		E2E5D3D5274EBC5700562431 /* ACRemoteConfigDemo.app */ = {isa = PBXFileReference; explicitFileType = wrapper.application; includeInIndex = 0; path = ACRemoteConfigDemo.app; sourceTree = BUILT_PRODUCTS_DIR; };
		E2E5D3D8274EBC5700562431 /* AppDelegate.swift */ = {isa = PBXFileReference; lastKnownFileType = sourcecode.swift; path = AppDelegate.swift; sourceTree = "<group>"; };
		E2E5D3DA274EBC5700562431 /* SceneDelegate.swift */ = {isa = PBXFileReference; lastKnownFileType = sourcecode.swift; path = SceneDelegate.swift; sourceTree = "<group>"; };
		E2E5D3DC274EBC5700562431 /* MainViewController.swift */ = {isa = PBXFileReference; lastKnownFileType = sourcecode.swift; path = MainViewController.swift; sourceTree = "<group>"; };
		E2E5D3E1274EBC5900562431 /* Assets.xcassets */ = {isa = PBXFileReference; lastKnownFileType = folder.assetcatalog; path = Assets.xcassets; sourceTree = "<group>"; };
		E2E5D3E4274EBC5900562431 /* Base */ = {isa = PBXFileReference; lastKnownFileType = file.storyboard; name = Base; path = Base.lproj/LaunchScreen.storyboard; sourceTree = "<group>"; };
		E2E5D3E6274EBC5900562431 /* Info.plist */ = {isa = PBXFileReference; lastKnownFileType = text.plist.xml; path = Info.plist; sourceTree = "<group>"; };
/* End PBXFileReference section */

/* Begin PBXFrameworksBuildPhase section */
		E2E5D3D2274EBC5700562431 /* Frameworks */ = {
			isa = PBXFrameworksBuildPhase;
			buildActionMask = 2147483647;
			files = (
				9591DDBA2C88443A00D2DB56 /* FirebaseVertexAI-Preview in Frameworks */,
				9591DDA42C88443A00D2DB56 /* FirebaseFirestoreCombine-Community in Frameworks */,
				9591DDA62C88443A00D2DB56 /* FirebaseFunctions in Frameworks */,
				9591DDB22C88443A00D2DB56 /* FirebasePerformance in Frameworks */,
				9591DDB82C88443A00D2DB56 /* FirebaseStorageCombine-Community in Frameworks */,
				9591DDB42C88443A00D2DB56 /* FirebaseRemoteConfig in Frameworks */,
				9591DD9E2C88443A00D2DB56 /* FirebaseDatabase in Frameworks */,
				9591DDA02C88443A00D2DB56 /* FirebaseDynamicLinks in Frameworks */,
				9591DD8E2C88443A00D2DB56 /* FirebaseAnalytics in Frameworks */,
				9591DD902C88443A00D2DB56 /* FirebaseAnalyticsOnDeviceConversion in Frameworks */,
				E27EAC7E274EC2A800336E5C /* ACRemoteConfig in Frameworks */,
				9591DDA22C88443A00D2DB56 /* FirebaseFirestore in Frameworks */,
				9591DDB02C88443A00D2DB56 /* FirebaseMessaging in Frameworks */,
				9591DDAC2C88443A00D2DB56 /* FirebaseInstallations in Frameworks */,
				9591DDA82C88443A00D2DB56 /* FirebaseFunctionsCombine-Community in Frameworks */,
				9591DD942C88443A00D2DB56 /* FirebaseAppCheck in Frameworks */,
				9591DD922C88443A00D2DB56 /* FirebaseAnalyticsWithoutAdIdSupport in Frameworks */,
				9591DDAA2C88443A00D2DB56 /* FirebaseInAppMessaging-Beta in Frameworks */,
				9591DD982C88443A00D2DB56 /* FirebaseAuth in Frameworks */,
				9591DD9C2C88443A00D2DB56 /* FirebaseCrashlytics in Frameworks */,
				9591DDAE2C88443A00D2DB56 /* FirebaseMLModelDownloader in Frameworks */,
				9591DDB62C88443A00D2DB56 /* FirebaseStorage in Frameworks */,
				9591DD962C88443A00D2DB56 /* FirebaseAppDistribution-Beta in Frameworks */,
				9591DD9A2C88443A00D2DB56 /* FirebaseAuthCombine-Community in Frameworks */,
			);
			runOnlyForDeploymentPostprocessing = 0;
		};
/* End PBXFrameworksBuildPhase section */

/* Begin PBXGroup section */
		9591DDC32C88656700D2DB56 /* ServiceLayer */ = {
			isa = PBXGroup;
			children = (
				9591DDBB2C8844EA00D2DB56 /* RemoteConfigHandle.swift */,
			);
			path = ServiceLayer;
			sourceTree = "<group>";
		};
		9591DDC42C88656E00D2DB56 /* SupportLayer */ = {
			isa = PBXGroup;
			children = (
				E2E5D3D8274EBC5700562431 /* AppDelegate.swift */,
				E2E5D3DA274EBC5700562431 /* SceneDelegate.swift */,
				9591DDC12C885E2600D2DB56 /* GoogleService-Info.plist */,
				E2E5D3E6274EBC5900562431 /* Info.plist */,
				E2E5D3E3274EBC5900562431 /* LaunchScreen.storyboard */,
			);
			path = SupportLayer;
			sourceTree = "<group>";
		};
		9591DDC52C88657600D2DB56 /* PresentationLayer */ = {
			isa = PBXGroup;
			children = (
				9591DDCA2C8865C600D2DB56 /* Main */,
			);
			path = PresentationLayer;
			sourceTree = "<group>";
		};
		9591DDC62C88657D00D2DB56 /* DomainLayer */ = {
			isa = PBXGroup;
			children = (
				9591DDBD2C88450E00D2DB56 /* ACRemoteConfigModelProtocol.swift */,
				9591DDC82C88659700D2DB56 /* RemoteConfigModel.swift */,
			);
			path = DomainLayer;
			sourceTree = "<group>";
		};
		9591DDC72C88658300D2DB56 /* ApplicationLayer */ = {
			isa = PBXGroup;
			children = (
				E2E5D3E1274EBC5900562431 /* Assets.xcassets */,
			);
			path = ApplicationLayer;
			sourceTree = "<group>";
		};
		9591DDCA2C8865C600D2DB56 /* Main */ = {
			isa = PBXGroup;
			children = (
				E2E5D3DC274EBC5700562431 /* MainViewController.swift */,
			);
			path = Main;
			sourceTree = "<group>";
		};
		E27EAC79274EBF7E00336E5C /* Packages */ = {
			isa = PBXGroup;
			children = (
				E27EAC7A274EBF7E00336E5C /* ACRemoteConfig */,
			);
			name = Packages;
			sourceTree = "<group>";
		};
		E27EAC7C274EC2A800336E5C /* Frameworks */ = {
			isa = PBXGroup;
			children = (
			);
			name = Frameworks;
			sourceTree = "<group>";
		};
		E2E5D3CC274EBC5700562431 = {
			isa = PBXGroup;
			children = (
				E27EAC79274EBF7E00336E5C /* Packages */,
				E2E5D3D7274EBC5700562431 /* ACRemoteConfigDemo */,
				E2E5D3D6274EBC5700562431 /* Products */,
				E27EAC7C274EC2A800336E5C /* Frameworks */,
			);
			sourceTree = "<group>";
		};
		E2E5D3D6274EBC5700562431 /* Products */ = {
			isa = PBXGroup;
			children = (
				E2E5D3D5274EBC5700562431 /* ACRemoteConfigDemo.app */,
			);
			name = Products;
			sourceTree = "<group>";
		};
		E2E5D3D7274EBC5700562431 /* ACRemoteConfigDemo */ = {
			isa = PBXGroup;
			children = (
				9591DDC72C88658300D2DB56 /* ApplicationLayer */,
				9591DDC62C88657D00D2DB56 /* DomainLayer */,
				9591DDC52C88657600D2DB56 /* PresentationLayer */,
				9591DDC42C88656E00D2DB56 /* SupportLayer */,
				9591DDC32C88656700D2DB56 /* ServiceLayer */,
			);
			path = ACRemoteConfigDemo;
			sourceTree = "<group>";
		};
/* End PBXGroup section */

/* Begin PBXNativeTarget section */
		E2E5D3D4274EBC5700562431 /* ACRemoteConfigDemo */ = {
			isa = PBXNativeTarget;
			buildConfigurationList = E2E5D3E9274EBC5900562431 /* Build configuration list for PBXNativeTarget "ACRemoteConfigDemo" */;
			buildPhases = (
				E2E5D3D1274EBC5700562431 /* Sources */,
				E2E5D3D2274EBC5700562431 /* Frameworks */,
				E2E5D3D3274EBC5700562431 /* Resources */,
			);
			buildRules = (
			);
			dependencies = (
			);
			name = ACRemoteConfigDemo;
			packageProductDependencies = (
				E27EAC7D274EC2A800336E5C /* ACRemoteConfig */,
				9591DD8D2C88443A00D2DB56 /* FirebaseAnalytics */,
				9591DD8F2C88443A00D2DB56 /* FirebaseAnalyticsOnDeviceConversion */,
				9591DD912C88443A00D2DB56 /* FirebaseAnalyticsWithoutAdIdSupport */,
				9591DD932C88443A00D2DB56 /* FirebaseAppCheck */,
				9591DD952C88443A00D2DB56 /* FirebaseAppDistribution-Beta */,
				9591DD972C88443A00D2DB56 /* FirebaseAuth */,
				9591DD992C88443A00D2DB56 /* FirebaseAuthCombine-Community */,
				9591DD9B2C88443A00D2DB56 /* FirebaseCrashlytics */,
				9591DD9D2C88443A00D2DB56 /* FirebaseDatabase */,
				9591DD9F2C88443A00D2DB56 /* FirebaseDynamicLinks */,
				9591DDA12C88443A00D2DB56 /* FirebaseFirestore */,
				9591DDA32C88443A00D2DB56 /* FirebaseFirestoreCombine-Community */,
				9591DDA52C88443A00D2DB56 /* FirebaseFunctions */,
				9591DDA72C88443A00D2DB56 /* FirebaseFunctionsCombine-Community */,
				9591DDA92C88443A00D2DB56 /* FirebaseInAppMessaging-Beta */,
				9591DDAB2C88443A00D2DB56 /* FirebaseInstallations */,
				9591DDAD2C88443A00D2DB56 /* FirebaseMLModelDownloader */,
				9591DDAF2C88443A00D2DB56 /* FirebaseMessaging */,
				9591DDB12C88443A00D2DB56 /* FirebasePerformance */,
				9591DDB32C88443A00D2DB56 /* FirebaseRemoteConfig */,
				9591DDB52C88443A00D2DB56 /* FirebaseStorage */,
				9591DDB72C88443A00D2DB56 /* FirebaseStorageCombine-Community */,
				9591DDB92C88443A00D2DB56 /* FirebaseVertexAI-Preview */,
			);
			productName = ACRemoteConfigDemo;
			productReference = E2E5D3D5274EBC5700562431 /* ACRemoteConfigDemo.app */;
			productType = "com.apple.product-type.application";
		};
/* End PBXNativeTarget section */

/* Begin PBXProject section */
		E2E5D3CD274EBC5700562431 /* Project object */ = {
			isa = PBXProject;
			attributes = {
				BuildIndependentTargetsInParallel = 1;
				LastSwiftUpdateCheck = 1300;
				LastUpgradeCheck = 1300;
				TargetAttributes = {
					E2E5D3D4274EBC5700562431 = {
						CreatedOnToolsVersion = 13.0;
					};
				};
			};
			buildConfigurationList = E2E5D3D0274EBC5700562431 /* Build configuration list for PBXProject "ACRemoteConfigDemo" */;
			compatibilityVersion = "Xcode 13.0";
			developmentRegion = en;
			hasScannedForEncodings = 0;
			knownRegions = (
				en,
				Base,
				ru,
			);
			mainGroup = E2E5D3CC274EBC5700562431;
			packageReferences = (
				9591DD8C2C88443A00D2DB56 /* XCRemoteSwiftPackageReference "firebase-ios-sdk" */,
			);
			productRefGroup = E2E5D3D6274EBC5700562431 /* Products */;
			projectDirPath = "";
			projectRoot = "";
			targets = (
				E2E5D3D4274EBC5700562431 /* ACRemoteConfigDemo */,
			);
		};
/* End PBXProject section */

/* Begin PBXResourcesBuildPhase section */
		E2E5D3D3274EBC5700562431 /* Resources */ = {
			isa = PBXResourcesBuildPhase;
			buildActionMask = 2147483647;
			files = (
				E2E5D3E5274EBC5900562431 /* LaunchScreen.storyboard in Resources */,
				9591DDC22C885E2600D2DB56 /* GoogleService-Info.plist in Resources */,
				E2E5D3E2274EBC5900562431 /* Assets.xcassets in Resources */,
			);
			runOnlyForDeploymentPostprocessing = 0;
		};
/* End PBXResourcesBuildPhase section */

/* Begin PBXSourcesBuildPhase section */
		E2E5D3D1274EBC5700562431 /* Sources */ = {
			isa = PBXSourcesBuildPhase;
			buildActionMask = 2147483647;
			files = (
				E2E5D3DD274EBC5700562431 /* MainViewController.swift in Sources */,
				9591DDC92C88659700D2DB56 /* RemoteConfigModel.swift in Sources */,
				9591DDBC2C8844EA00D2DB56 /* RemoteConfigHandle.swift in Sources */,
				E2E5D3D9274EBC5700562431 /* AppDelegate.swift in Sources */,
				E2E5D3DB274EBC5700562431 /* SceneDelegate.swift in Sources */,
				9591DDBE2C88450E00D2DB56 /* ACRemoteConfigModelProtocol.swift in Sources */,
			);
			runOnlyForDeploymentPostprocessing = 0;
		};
/* End PBXSourcesBuildPhase section */

/* Begin PBXVariantGroup section */
		E2E5D3E3274EBC5900562431 /* LaunchScreen.storyboard */ = {
			isa = PBXVariantGroup;
			children = (
				E2E5D3E4274EBC5900562431 /* Base */,
				E27EAC80274EC7A500336E5C /* ru */,
			);
			name = LaunchScreen.storyboard;
			sourceTree = "<group>";
		};
/* End PBXVariantGroup section */

/* Begin XCBuildConfiguration section */
		E2E5D3E7274EBC5900562431 /* Debug */ = {
			isa = XCBuildConfiguration;
			buildSettings = {
				ALWAYS_SEARCH_USER_PATHS = NO;
				CLANG_ANALYZER_LOCALIZABILITY_NONLOCALIZED = YES;
				CLANG_ANALYZER_NONNULL = YES;
				CLANG_ANALYZER_NUMBER_OBJECT_CONVERSION = YES_AGGRESSIVE;
				CLANG_CXX_LANGUAGE_STANDARD = "gnu++17";
				CLANG_CXX_LIBRARY = "libc++";
				CLANG_ENABLE_MODULES = YES;
				CLANG_ENABLE_OBJC_ARC = YES;
				CLANG_ENABLE_OBJC_WEAK = YES;
				CLANG_WARN_BLOCK_CAPTURE_AUTORELEASING = YES;
				CLANG_WARN_BOOL_CONVERSION = YES;
				CLANG_WARN_COMMA = YES;
				CLANG_WARN_CONSTANT_CONVERSION = YES;
				CLANG_WARN_DEPRECATED_OBJC_IMPLEMENTATIONS = YES;
				CLANG_WARN_DIRECT_OBJC_ISA_USAGE = YES_ERROR;
				CLANG_WARN_DOCUMENTATION_COMMENTS = YES;
				CLANG_WARN_EMPTY_BODY = YES;
				CLANG_WARN_ENUM_CONVERSION = YES;
				CLANG_WARN_INFINITE_RECURSION = YES;
				CLANG_WARN_INT_CONVERSION = YES;
				CLANG_WARN_NON_LITERAL_NULL_CONVERSION = YES;
				CLANG_WARN_OBJC_IMPLICIT_RETAIN_SELF = YES;
				CLANG_WARN_OBJC_LITERAL_CONVERSION = YES;
				CLANG_WARN_OBJC_ROOT_CLASS = YES_ERROR;
				CLANG_WARN_QUOTED_INCLUDE_IN_FRAMEWORK_HEADER = YES;
				CLANG_WARN_RANGE_LOOP_ANALYSIS = YES;
				CLANG_WARN_STRICT_PROTOTYPES = YES;
				CLANG_WARN_SUSPICIOUS_MOVE = YES;
				CLANG_WARN_UNGUARDED_AVAILABILITY = YES_AGGRESSIVE;
				CLANG_WARN_UNREACHABLE_CODE = YES;
				CLANG_WARN__DUPLICATE_METHOD_MATCH = YES;
				COPY_PHASE_STRIP = NO;
				DEBUG_INFORMATION_FORMAT = dwarf;
				ENABLE_STRICT_OBJC_MSGSEND = YES;
				ENABLE_TESTABILITY = YES;
				GCC_C_LANGUAGE_STANDARD = gnu11;
				GCC_DYNAMIC_NO_PIC = NO;
				GCC_NO_COMMON_BLOCKS = YES;
				GCC_OPTIMIZATION_LEVEL = 0;
				GCC_PREPROCESSOR_DEFINITIONS = (
					"DEBUG=1",
					"$(inherited)",
				);
				GCC_WARN_64_TO_32_BIT_CONVERSION = YES;
				GCC_WARN_ABOUT_RETURN_TYPE = YES_ERROR;
				GCC_WARN_UNDECLARED_SELECTOR = YES;
				GCC_WARN_UNINITIALIZED_AUTOS = YES_AGGRESSIVE;
				GCC_WARN_UNUSED_FUNCTION = YES;
				GCC_WARN_UNUSED_VARIABLE = YES;
				IPHONEOS_DEPLOYMENT_TARGET = 15.0;
				MTL_ENABLE_DEBUG_INFO = INCLUDE_SOURCE;
				MTL_FAST_MATH = YES;
				ONLY_ACTIVE_ARCH = YES;
				SDKROOT = iphoneos;
				SWIFT_ACTIVE_COMPILATION_CONDITIONS = DEBUG;
				SWIFT_OPTIMIZATION_LEVEL = "-Onone";
			};
			name = Debug;
		};
		E2E5D3E8274EBC5900562431 /* Release */ = {
			isa = XCBuildConfiguration;
			buildSettings = {
				ALWAYS_SEARCH_USER_PATHS = NO;
				CLANG_ANALYZER_LOCALIZABILITY_NONLOCALIZED = YES;
				CLANG_ANALYZER_NONNULL = YES;
				CLANG_ANALYZER_NUMBER_OBJECT_CONVERSION = YES_AGGRESSIVE;
				CLANG_CXX_LANGUAGE_STANDARD = "gnu++17";
				CLANG_CXX_LIBRARY = "libc++";
				CLANG_ENABLE_MODULES = YES;
				CLANG_ENABLE_OBJC_ARC = YES;
				CLANG_ENABLE_OBJC_WEAK = YES;
				CLANG_WARN_BLOCK_CAPTURE_AUTORELEASING = YES;
				CLANG_WARN_BOOL_CONVERSION = YES;
				CLANG_WARN_COMMA = YES;
				CLANG_WARN_CONSTANT_CONVERSION = YES;
				CLANG_WARN_DEPRECATED_OBJC_IMPLEMENTATIONS = YES;
				CLANG_WARN_DIRECT_OBJC_ISA_USAGE = YES_ERROR;
				CLANG_WARN_DOCUMENTATION_COMMENTS = YES;
				CLANG_WARN_EMPTY_BODY = YES;
				CLANG_WARN_ENUM_CONVERSION = YES;
				CLANG_WARN_INFINITE_RECURSION = YES;
				CLANG_WARN_INT_CONVERSION = YES;
				CLANG_WARN_NON_LITERAL_NULL_CONVERSION = YES;
				CLANG_WARN_OBJC_IMPLICIT_RETAIN_SELF = YES;
				CLANG_WARN_OBJC_LITERAL_CONVERSION = YES;
				CLANG_WARN_OBJC_ROOT_CLASS = YES_ERROR;
				CLANG_WARN_QUOTED_INCLUDE_IN_FRAMEWORK_HEADER = YES;
				CLANG_WARN_RANGE_LOOP_ANALYSIS = YES;
				CLANG_WARN_STRICT_PROTOTYPES = YES;
				CLANG_WARN_SUSPICIOUS_MOVE = YES;
				CLANG_WARN_UNGUARDED_AVAILABILITY = YES_AGGRESSIVE;
				CLANG_WARN_UNREACHABLE_CODE = YES;
				CLANG_WARN__DUPLICATE_METHOD_MATCH = YES;
				COPY_PHASE_STRIP = NO;
				DEBUG_INFORMATION_FORMAT = "dwarf-with-dsym";
				ENABLE_NS_ASSERTIONS = NO;
				ENABLE_STRICT_OBJC_MSGSEND = YES;
				GCC_C_LANGUAGE_STANDARD = gnu11;
				GCC_NO_COMMON_BLOCKS = YES;
				GCC_WARN_64_TO_32_BIT_CONVERSION = YES;
				GCC_WARN_ABOUT_RETURN_TYPE = YES_ERROR;
				GCC_WARN_UNDECLARED_SELECTOR = YES;
				GCC_WARN_UNINITIALIZED_AUTOS = YES_AGGRESSIVE;
				GCC_WARN_UNUSED_FUNCTION = YES;
				GCC_WARN_UNUSED_VARIABLE = YES;
				IPHONEOS_DEPLOYMENT_TARGET = 15.0;
				MTL_ENABLE_DEBUG_INFO = NO;
				MTL_FAST_MATH = YES;
				SDKROOT = iphoneos;
				SWIFT_COMPILATION_MODE = wholemodule;
				SWIFT_OPTIMIZATION_LEVEL = "-O";
				VALIDATE_PRODUCT = YES;
			};
			name = Release;
		};
		E2E5D3EA274EBC5900562431 /* Debug */ = {
			isa = XCBuildConfiguration;
			buildSettings = {
				ASSETCATALOG_COMPILER_APPICON_NAME = AppIcon;
				ASSETCATALOG_COMPILER_GLOBAL_ACCENT_COLOR_NAME = AccentColor;
				CODE_SIGN_IDENTITY = "Apple Development";
				CODE_SIGN_STYLE = Manual;
				CURRENT_PROJECT_VERSION = 1;
				DEVELOPMENT_TEAM = "";
				GENERATE_INFOPLIST_FILE = YES;
				INFOPLIST_FILE = ACRemoteConfigDemo/SupportLayer/Info.plist;
				INFOPLIST_KEY_UIApplicationSupportsIndirectInputEvents = YES;
				INFOPLIST_KEY_UILaunchStoryboardName = LaunchScreen;
				INFOPLIST_KEY_UISupportedInterfaceOrientations_iPad = "UIInterfaceOrientationPortrait UIInterfaceOrientationPortraitUpsideDown UIInterfaceOrientationLandscapeLeft UIInterfaceOrientationLandscapeRight";
				INFOPLIST_KEY_UISupportedInterfaceOrientations_iPhone = "UIInterfaceOrientationPortrait UIInterfaceOrientationLandscapeLeft UIInterfaceOrientationLandscapeRight";
				LD_RUNPATH_SEARCH_PATHS = (
					"$(inherited)",
					"@executable_path/Frameworks",
				);
				MARKETING_VERSION = 1.0;
				PRODUCT_BUNDLE_IDENTIFIER = appcraft.ACRemoteConfigDemo;
				PRODUCT_NAME = "$(TARGET_NAME)";
				PROVISIONING_PROFILE_SPECIFIER = "";
				SWIFT_EMIT_LOC_STRINGS = YES;
				SWIFT_VERSION = 5.0;
				TARGETED_DEVICE_FAMILY = "1,2";
			};
			name = Debug;
		};
		E2E5D3EB274EBC5900562431 /* Release */ = {
			isa = XCBuildConfiguration;
			buildSettings = {
				ASSETCATALOG_COMPILER_APPICON_NAME = AppIcon;
				ASSETCATALOG_COMPILER_GLOBAL_ACCENT_COLOR_NAME = AccentColor;
				CODE_SIGN_IDENTITY = "Apple Development";
				CODE_SIGN_STYLE = Manual;
				CURRENT_PROJECT_VERSION = 1;
				DEVELOPMENT_TEAM = "";
				GENERATE_INFOPLIST_FILE = YES;
				INFOPLIST_FILE = ACRemoteConfigDemo/SupportLayer/Info.plist;
				INFOPLIST_KEY_UIApplicationSupportsIndirectInputEvents = YES;
				INFOPLIST_KEY_UILaunchStoryboardName = LaunchScreen;
				INFOPLIST_KEY_UISupportedInterfaceOrientations_iPad = "UIInterfaceOrientationPortrait UIInterfaceOrientationPortraitUpsideDown UIInterfaceOrientationLandscapeLeft UIInterfaceOrientationLandscapeRight";
				INFOPLIST_KEY_UISupportedInterfaceOrientations_iPhone = "UIInterfaceOrientationPortrait UIInterfaceOrientationLandscapeLeft UIInterfaceOrientationLandscapeRight";
				LD_RUNPATH_SEARCH_PATHS = (
					"$(inherited)",
					"@executable_path/Frameworks",
				);
				MARKETING_VERSION = 1.0;
				PRODUCT_BUNDLE_IDENTIFIER = appcraft.ACRemoteConfigDemo;
				PRODUCT_NAME = "$(TARGET_NAME)";
				PROVISIONING_PROFILE_SPECIFIER = "";
				SWIFT_EMIT_LOC_STRINGS = YES;
				SWIFT_VERSION = 5.0;
				TARGETED_DEVICE_FAMILY = "1,2";
			};
			name = Release;
		};
/* End XCBuildConfiguration section */

/* Begin XCConfigurationList section */
		E2E5D3D0274EBC5700562431 /* Build configuration list for PBXProject "ACRemoteConfigDemo" */ = {
			isa = XCConfigurationList;
			buildConfigurations = (
				E2E5D3E7274EBC5900562431 /* Debug */,
				E2E5D3E8274EBC5900562431 /* Release */,
			);
			defaultConfigurationIsVisible = 0;
			defaultConfigurationName = Release;
		};
		E2E5D3E9274EBC5900562431 /* Build configuration list for PBXNativeTarget "ACRemoteConfigDemo" */ = {
			isa = XCConfigurationList;
			buildConfigurations = (
				E2E5D3EA274EBC5900562431 /* Debug */,
				E2E5D3EB274EBC5900562431 /* Release */,
			);
			defaultConfigurationIsVisible = 0;
			defaultConfigurationName = Release;
		};
/* End XCConfigurationList section */

/* Begin XCRemoteSwiftPackageReference section */
		9591DD8C2C88443A00D2DB56 /* XCRemoteSwiftPackageReference "firebase-ios-sdk" */ = {
			isa = XCRemoteSwiftPackageReference;
			repositoryURL = "https://github.com/firebase/firebase-ios-sdk.git";
			requirement = {
				kind = upToNextMajorVersion;
				minimumVersion = 11.1.0;
			};
		};
/* End XCRemoteSwiftPackageReference section */

/* Begin XCSwiftPackageProductDependency section */
		9591DD8D2C88443A00D2DB56 /* FirebaseAnalytics */ = {
			isa = XCSwiftPackageProductDependency;
			package = 9591DD8C2C88443A00D2DB56 /* XCRemoteSwiftPackageReference "firebase-ios-sdk" */;
			productName = FirebaseAnalytics;
		};
		9591DD8F2C88443A00D2DB56 /* FirebaseAnalyticsOnDeviceConversion */ = {
			isa = XCSwiftPackageProductDependency;
			package = 9591DD8C2C88443A00D2DB56 /* XCRemoteSwiftPackageReference "firebase-ios-sdk" */;
			productName = FirebaseAnalyticsOnDeviceConversion;
		};
		9591DD912C88443A00D2DB56 /* FirebaseAnalyticsWithoutAdIdSupport */ = {
			isa = XCSwiftPackageProductDependency;
			package = 9591DD8C2C88443A00D2DB56 /* XCRemoteSwiftPackageReference "firebase-ios-sdk" */;
			productName = FirebaseAnalyticsWithoutAdIdSupport;
		};
		9591DD932C88443A00D2DB56 /* FirebaseAppCheck */ = {
			isa = XCSwiftPackageProductDependency;
			package = 9591DD8C2C88443A00D2DB56 /* XCRemoteSwiftPackageReference "firebase-ios-sdk" */;
			productName = FirebaseAppCheck;
		};
		9591DD952C88443A00D2DB56 /* FirebaseAppDistribution-Beta */ = {
			isa = XCSwiftPackageProductDependency;
			package = 9591DD8C2C88443A00D2DB56 /* XCRemoteSwiftPackageReference "firebase-ios-sdk" */;
			productName = "FirebaseAppDistribution-Beta";
		};
		9591DD972C88443A00D2DB56 /* FirebaseAuth */ = {
			isa = XCSwiftPackageProductDependency;
			package = 9591DD8C2C88443A00D2DB56 /* XCRemoteSwiftPackageReference "firebase-ios-sdk" */;
			productName = FirebaseAuth;
		};
		9591DD992C88443A00D2DB56 /* FirebaseAuthCombine-Community */ = {
			isa = XCSwiftPackageProductDependency;
			package = 9591DD8C2C88443A00D2DB56 /* XCRemoteSwiftPackageReference "firebase-ios-sdk" */;
			productName = "FirebaseAuthCombine-Community";
		};
		9591DD9B2C88443A00D2DB56 /* FirebaseCrashlytics */ = {
			isa = XCSwiftPackageProductDependency;
			package = 9591DD8C2C88443A00D2DB56 /* XCRemoteSwiftPackageReference "firebase-ios-sdk" */;
			productName = FirebaseCrashlytics;
		};
		9591DD9D2C88443A00D2DB56 /* FirebaseDatabase */ = {
			isa = XCSwiftPackageProductDependency;
			package = 9591DD8C2C88443A00D2DB56 /* XCRemoteSwiftPackageReference "firebase-ios-sdk" */;
			productName = FirebaseDatabase;
		};
		9591DD9F2C88443A00D2DB56 /* FirebaseDynamicLinks */ = {
			isa = XCSwiftPackageProductDependency;
			package = 9591DD8C2C88443A00D2DB56 /* XCRemoteSwiftPackageReference "firebase-ios-sdk" */;
			productName = FirebaseDynamicLinks;
		};
		9591DDA12C88443A00D2DB56 /* FirebaseFirestore */ = {
			isa = XCSwiftPackageProductDependency;
			package = 9591DD8C2C88443A00D2DB56 /* XCRemoteSwiftPackageReference "firebase-ios-sdk" */;
			productName = FirebaseFirestore;
		};
		9591DDA32C88443A00D2DB56 /* FirebaseFirestoreCombine-Community */ = {
			isa = XCSwiftPackageProductDependency;
			package = 9591DD8C2C88443A00D2DB56 /* XCRemoteSwiftPackageReference "firebase-ios-sdk" */;
			productName = "FirebaseFirestoreCombine-Community";
		};
		9591DDA52C88443A00D2DB56 /* FirebaseFunctions */ = {
			isa = XCSwiftPackageProductDependency;
			package = 9591DD8C2C88443A00D2DB56 /* XCRemoteSwiftPackageReference "firebase-ios-sdk" */;
			productName = FirebaseFunctions;
		};
		9591DDA72C88443A00D2DB56 /* FirebaseFunctionsCombine-Community */ = {
			isa = XCSwiftPackageProductDependency;
			package = 9591DD8C2C88443A00D2DB56 /* XCRemoteSwiftPackageReference "firebase-ios-sdk" */;
			productName = "FirebaseFunctionsCombine-Community";
		};
		9591DDA92C88443A00D2DB56 /* FirebaseInAppMessaging-Beta */ = {
			isa = XCSwiftPackageProductDependency;
			package = 9591DD8C2C88443A00D2DB56 /* XCRemoteSwiftPackageReference "firebase-ios-sdk" */;
			productName = "FirebaseInAppMessaging-Beta";
		};
		9591DDAB2C88443A00D2DB56 /* FirebaseInstallations */ = {
			isa = XCSwiftPackageProductDependency;
			package = 9591DD8C2C88443A00D2DB56 /* XCRemoteSwiftPackageReference "firebase-ios-sdk" */;
			productName = FirebaseInstallations;
		};
		9591DDAD2C88443A00D2DB56 /* FirebaseMLModelDownloader */ = {
			isa = XCSwiftPackageProductDependency;
			package = 9591DD8C2C88443A00D2DB56 /* XCRemoteSwiftPackageReference "firebase-ios-sdk" */;
			productName = FirebaseMLModelDownloader;
		};
		9591DDAF2C88443A00D2DB56 /* FirebaseMessaging */ = {
			isa = XCSwiftPackageProductDependency;
			package = 9591DD8C2C88443A00D2DB56 /* XCRemoteSwiftPackageReference "firebase-ios-sdk" */;
			productName = FirebaseMessaging;
		};
		9591DDB12C88443A00D2DB56 /* FirebasePerformance */ = {
			isa = XCSwiftPackageProductDependency;
			package = 9591DD8C2C88443A00D2DB56 /* XCRemoteSwiftPackageReference "firebase-ios-sdk" */;
			productName = FirebasePerformance;
		};
		9591DDB32C88443A00D2DB56 /* FirebaseRemoteConfig */ = {
			isa = XCSwiftPackageProductDependency;
			package = 9591DD8C2C88443A00D2DB56 /* XCRemoteSwiftPackageReference "firebase-ios-sdk" */;
			productName = FirebaseRemoteConfig;
		};
		9591DDB52C88443A00D2DB56 /* FirebaseStorage */ = {
			isa = XCSwiftPackageProductDependency;
			package = 9591DD8C2C88443A00D2DB56 /* XCRemoteSwiftPackageReference "firebase-ios-sdk" */;
			productName = FirebaseStorage;
		};
		9591DDB72C88443A00D2DB56 /* FirebaseStorageCombine-Community */ = {
			isa = XCSwiftPackageProductDependency;
			package = 9591DD8C2C88443A00D2DB56 /* XCRemoteSwiftPackageReference "firebase-ios-sdk" */;
			productName = "FirebaseStorageCombine-Community";
		};
		9591DDB92C88443A00D2DB56 /* FirebaseVertexAI-Preview */ = {
			isa = XCSwiftPackageProductDependency;
			package = 9591DD8C2C88443A00D2DB56 /* XCRemoteSwiftPackageReference "firebase-ios-sdk" */;
			productName = "FirebaseVertexAI-Preview";
		};
		E27EAC7D274EC2A800336E5C /* ACRemoteConfig */ = {
			isa = XCSwiftPackageProductDependency;
			productName = ACRemoteConfig;
		};
/* End XCSwiftPackageProductDependency section */
	};
	rootObject = E2E5D3CD274EBC5700562431 /* Project object */;
}
